
Microsoft Visual Studio Solution File, Format Version 12.00
# Visual Studio 2012
Project("{FAE04EC0-301F-11D3-BF4B-00C04F79EFBC}") = "RSS", "RSS\RSS.csproj", "{2C2CBBCE-9F5C-41EA-961A-3A4FF99A03A2}"
EndProject
Project("{FAE04EC0-301F-11D3-BF4B-00C04F79EFBC}") = "RSSLib", "RSSLib\RSSLib.csproj", "{FEDD74E3-CAE1-48E4-B8D7-5450837904AB}"
EndProject
Project("{FAE04EC0-301F-11D3-BF4B-00C04F79EFBC}") = "RSSLib.Test", "RSSLib.Test\RSSLib.Test.csproj", "{20BCADD5-77B1-4C10-978D-CA0A6E63547B}"
EndProject
Global
	GlobalSection(SolutionConfigurationPlatforms) = preSolution
		Debug|Any CPU = Debug|Any CPU
		Release|Any CPU = Release|Any CPU
	EndGlobalSection
	GlobalSection(ProjectConfigurationPlatforms) = postSolution
		{2C2CBBCE-9F5C-41EA-961A-3A4FF99A03A2}.Debug|Any CPU.ActiveCfg = Debug|Any CPU
		{2C2CBBCE-9F5C-41EA-961A-3A4FF99A03A2}.Debug|Any CPU.Build.0 = Debug|Any CPU
		{2C2CBBCE-9F5C-41EA-961A-3A4FF99A03A2}.Release|Any CPU.ActiveCfg = Release|Any CPU
		{2C2CBBCE-9F5C-41EA-961A-3A4FF99A03A2}.Release|Any CPU.Build.0 = Release|Any CPU
		{FEDD74E3-CAE1-48E4-B8D7-5450837904AB}.Debug|Any CPU.ActiveCfg = Debug|Any CPU
		{FEDD74E3-CAE1-48E4-B8D7-5450837904AB}.Debug|Any CPU.Build.0 = Debug|Any CPU
		{FEDD74E3-CAE1-48E4-B8D7-5450837904AB}.Release|Any CPU.ActiveCfg = Release|Any CPU
		{FEDD74E3-CAE1-48E4-B8D7-5450837904AB}.Release|Any CPU.Build.0 = Release|Any CPU
		{20BCADD5-77B1-4C10-978D-CA0A6E63547B}.Debug|Any CPU.ActiveCfg = Debug|Any CPU
		{20BCADD5-77B1-4C10-978D-CA0A6E63547B}.Debug|Any CPU.Build.0 = Debug|Any CPU
		{20BCADD5-77B1-4C10-978D-CA0A6E63547B}.Release|Any CPU.ActiveCfg = Release|Any CPU
		{20BCADD5-77B1-4C10-978D-CA0A6E63547B}.Release|Any CPU.Build.0 = Release|Any CPU
	EndGlobalSection
	GlobalSection(SolutionProperties) = preSolution
		HideSolutionNode = FALSE
	EndGlobalSection
EndGlobal
